<Solution>
  <Configurations>
    <Platform Name="x64" />
  </Configurations>
  <Folder Name="/解决方案项/">
    <File Path=".gitattributes" />
    <File Path=".gitignore" />
    <File Path="LICENSE.txt" />
    <File Path="README.md" />
  </Folder>
  <Project Path="MiniDumper/MiniDumper.vcxproj" Id="90e9ec72-9214-418a-9686-1bafc6490b1e" />
</Solution>
